
Microsoft Visual Studio Solution File, Format Version 12.00
# Visual Studio 15
VisualStudioVersion = 15.0.27130.2010
MinimumVisualStudioVersion = 10.0.40219.1
Project("{FAE04EC0-301F-11D3-BF4B-00C04F79EFBC}") = "quickFuzzer", "quickFuzzer\quickFuzzer.csproj", "{C7E78146-EAED-4194-BDE9-1B2A04E35682}"
EndProject
Global
	GlobalSection(SolutionConfigurationPlatforms) = preSolution
		Debug|Any CPU = Debug|Any CPU
		Release|Any CPU = Release|Any CPU
	EndGlobalSection
	GlobalSection(ProjectConfigurationPlatforms) = postSolution
		{C7E78146-EAED-4194-BDE9-1B2A04E35682}.Debug|Any CPU.ActiveCfg = Debug|Any CPU
		{C7E78146-EAED-4194-BDE9-1B2A04E35682}.Debug|Any CPU.Build.0 = Debug|Any CPU
		{C7E78146-EAED-4194-BDE9-1B2A04E35682}.Release|Any CPU.ActiveCfg = Release|Any CPU
		{C7E78146-EAED-4194-BDE9-1B2A04E35682}.Release|Any CPU.Build.0 = Release|Any CPU
	EndGlobalSection
	GlobalSection(SolutionProperties) = preSolution
		HideSolutionNode = FALSE
	EndGlobalSection
	GlobalSection(ExtensibilityGlobals) = postSolution
		SolutionGuid = {8F69AD3A-24CA-4837-B2BC-EE6F9C2ACAFF}
	EndGlobalSection
EndGlobal
